# THIS IS AN AUTOGENERATED FILE. DO NOT EDIT THIS FILE DIRECTLY.
# yarn lockfile v1


"@octokit/endpoint@^11.0.5":
  version "11.0.5"
  resolved "https://registry.yarnpkg.com/@octokit/endpoint/-/endpoint-11.0.5.tgz#d7ec88843bfeeea692fee97b52e7c2cdc0393db4"
  integrity sha512-iXa654H3yFafF/ieHkukfbgWo2rmXD2ceD0ZOtrPhw1bc3FDch1d9N/TNs0FQ1/cIbwb7kspUX8jzIs8nzb9DQ==
  dependencies:
    "@octokit/types" "^18.0.0"
    universal-user-agent "^7.0.2"

"@octokit/openapi-types@^29.0.1":
  version "29.0.1"
  resolved "https://registry.yarnpkg.com/@octokit/openapi-types/-/openapi-types-29.0.1.tgz#05895cc8ae328058e7af75b608c4c97f0bc1bc00"
  integrity sha512-9qWOMFNxxLokERcms42rU0PTLqQmVs7g5E41TI4mCOxmpFayD1rfC7XxOL55cG9MBZLFlC31BrR37myMKardwg==

"@octokit/openapi-webhooks-types@12.1.0":
  version "12.1.0"
  resolved "https://registry.yarnpkg.com/@octokit/openapi-webhooks-types/-/openapi-webhooks-types-12.1.0.tgz#6f1b2839a0d00c9524e81f16d8735ec410bce187"
  integrity sha512-WiuzhOsiOvb7W3Pvmhf8d2C6qaLHXrWiLBP4nJ/4kydu+wpagV5Fkz9RfQwV2afYzv3PB+3xYgp4mAdNGjDprA==

"@octokit/request-error@^7.0.0", "@octokit/request-error@^7.1.2":
  version "7.1.2"
  resolved "https://registry.yarnpkg.com/@octokit/request-error/-/request-error-7.1.2.tgz#0477f3ec1034869205f8bd80560f2bc55b659973"
  integrity sha512-XZRuT3xZ84D3gYErI1DZvhJ33dCWVV6uzBtWkaBB4TvA/L6eOeTZodxLFVB44bBEEo3vEx7y00UfX1tBLrtLRg==
  dependencies:
    "@octokit/types" "^18.0.0"

"@octokit/request@^10.0.16":
  version "10.0.16"
  resolved "https://registry.yarnpkg.com/@octokit/request/-/request-10.0.16.tgz#b548f8f848ffe4ccf5082142fac096fe7b8222b2"
  integrity sha512-A0zWGjHzISIb+9ccG8s0dq7LKO5zVpJLRICjgUb+sJxEWqn8RUHB1rD3AE51+PECvXHIxqZ1VVvs4fHTSD9nUQ==
  dependencies:
    "@octokit/endpoint" "^11.0.5"
    "@octokit/request-error" "^7.1.2"
    "@octokit/types" "^18.0.0"
    content-type "^3.0.0"
    json-with-bigint "^3.5.12"
    universal-user-agent "^7.0.2"

"@octokit/types@^18.0.0":
  version "18.0.0"
  resolved "https://registry.yarnpkg.com/@octokit/types/-/types-18.0.0.tgz#763eeebafb488d8ea8a8322eafb2d9b1885d2844"
  integrity sha512-l6bAF43PNxkJp6g+W4PjoUSSkxHomXw2nOum5CTftJz1NlV3vu93NImgOYtLf6CbBUb5j+fiuzW0PPQ5JTSvZA==
  dependencies:
    "@octokit/openapi-types" "^29.0.1"

"@octokit/webhooks-methods@^6.0.0":
  version "6.0.0"
  resolved "https://registry.yarnpkg.com/@octokit/webhooks-methods/-/webhooks-methods-6.0.0.tgz#34abf78aec6f826fe561cfe79d2ebb1950d1d25f"
  integrity sha512-MFlzzoDJVw/GcbfzVC1RLR36QqkTLUf79vLVO3D+xn7r0QgxnFoLZgtrzxiQErAjFUOdH6fas2KeQJ1yr/qaXQ==

"@octokit/webhooks@^14.2.0":
  version "14.2.0"
  resolved "https://registry.yarnpkg.com/@octokit/webhooks/-/webhooks-14.2.0.tgz#db5e730fb3a2841f4dec6a1394d98589e74371d2"
  integrity sha512-da6KbdNCV5sr1/txD896V+6W0iamFWrvVl8cHkBSPT+YlvmT3DwXa4jxZnQc+gnuTEqSWbBeoSZYTayXH9wXcw==
  dependencies:
    "@octokit/openapi-webhooks-types" "12.1.0"
    "@octokit/request-error" "^7.0.0"
    "@octokit/webhooks-methods" "^6.0.0"

content-type@^3.0.0:
  version "3.0.0"
  resolved "https://registry.yarnpkg.com/content-type/-/content-type-3.0.0.tgz#c946981e09aba276f5f5b21223bd0c01fded9c15"
  integrity sha512-AIi5H6p0xk5uknXcN3/rmhP8jgp69OfSe/JuKiQAFprJ7UGw7mwj7m4XcmDzlrnJDG+cGpphAINGdU3g3g7kDw==

json-with-bigint@^3.5.12:
  version "3.5.12"
  resolved "https://registry.yarnpkg.com/json-with-bigint/-/json-with-bigint-3.5.12.tgz#9f6bf722a9847ed72fa9b217b2b66181227c454c"
  integrity sha512-uwbF/wSSuOgC7qqlq27Xp5B6a2MHVug3t0idZdTqu0JnlFvgJuH7ju+KAk/J06C7GfhoYy2gnb9wz2INqcne7w==

nodemailer@^10.0.0:
  version "10.0.0"
  resolved "https://registry.yarnpkg.com/nodemailer/-/nodemailer-10.0.0.tgz#b1622f98bc87646ea8b847e6c1101cd2179c8cdd"
  integrity sha512-wdv+hXBg0iIPIOf108FaZyTxqjQpCvQeAJt9pHHTooPy/y3vQtI9eiImM9AIVKR3e/0FeMA1oueNfBjFJcaK+Q==

universal-user-agent@^7.0.2:
  version "7.0.3"
  resolved "https://registry.yarnpkg.com/universal-user-agent/-/universal-user-agent-7.0.3.tgz#c05870a58125a2dc00431f2df815a77fe69736be"
  integrity sha512-TmnEAEAsBJVZM/AADELsK76llnwcf9vMKuPz8JflO1frO8Lchitr0fNaN9d+Ap0BjKtqWqd/J17qeDnXh8CL2A==
