# THIS IS AN AUTOGENERATED FILE. DO NOT EDIT THIS FILE DIRECTLY.
# yarn lockfile v1


"@octokit/openapi-types@^8.2.1":
  version "8.2.1"
  resolved "https://registry.yarnpkg.com/@octokit/openapi-types/-/openapi-types-8.2.1.tgz#102e752a7378ff8d21057c70fd16f1c83856d8c5"
  integrity sha512-BJz6kWuL3n+y+qM8Pv+UGbSxH6wxKf/SBs5yzGufMHwDefsa+Iq7ZGy1BINMD2z9SkXlIzk1qiu988rMuGXEMg==

"@octokit/request-error@^2.0.2":
  version "2.1.0"
  resolved "https://registry.yarnpkg.com/@octokit/request-error/-/request-error-2.1.0.tgz#9e150357831bfc788d13a4fd4b1913d60c74d677"
  integrity sha512-1VIvgXxs9WHSjicsRwq8PlR2LR2x6DwsJAaFgzdi0JfJoGSO8mYI/cHJQ+9FbN21aa+DrgNLnwObmyeSC8Rmpg==
  dependencies:
    "@octokit/types" "^6.0.3"
    deprecation "^2.0.0"
    once "^1.4.0"

"@octokit/types@^6.0.3":
  version "6.18.1"
  resolved "https://registry.yarnpkg.com/@octokit/types/-/types-6.18.1.tgz#a6db178536e649fd5d67a7b747754bcc43940be4"
  integrity sha512-5YsddjO1U+xC8ZYKV8yZYebW55PCc7qiEEeZ+wZRr6qyclynzfyD65KZ5FdtIeP0/cANyFaD7hV69qElf1nMsQ==
  dependencies:
    "@octokit/openapi-types" "^8.2.1"

"@octokit/webhooks-methods@^2.0.0":
  version "2.0.0"
  resolved "https://registry.yarnpkg.com/@octokit/webhooks-methods/-/webhooks-methods-2.0.0.tgz#1108b9ea661ca6c81e4a8bfa63a09eb27d5bc2db"
  integrity sha512-35cfQ4YWlnZnmZKmIxlGPUPLtbkF8lr/A/1Sk1eC0ddLMwQN06dOuLc+dI3YLQS+T+MoNt3DIQ0NynwgKPilig==

"@octokit/webhooks-types@4.1.0":
  version "4.1.0"
  resolved "https://registry.yarnpkg.com/@octokit/webhooks-types/-/webhooks-types-4.1.0.tgz#d27f8ef496e788d60dab8790155fdb204ca720e7"
  integrity sha512-KQtzFYhhi3k3cGCeqo/PSEhmLZO/4DCtPSgeDG8M9De84fIvTvJbbt2ApeLgzNd6YNAbPjfbdxx8dRkc7jy5uA==

"@octokit/webhooks@^9.9.0":
  version "9.9.0"
  resolved "https://registry.yarnpkg.com/@octokit/webhooks/-/webhooks-9.9.0.tgz#13a9284fb649aa86c3204532406890defb12c90d"
  integrity sha512-qoXPkYzttB/23zcsMI1PzAjgEkwtPyJrsln4L4O8mkdSqfNcXHfD8dZQVR5GUveDT0VwFAYuNaGv8CfyN1hPAg==
  dependencies:
    "@octokit/request-error" "^2.0.2"
    "@octokit/webhooks-methods" "^2.0.0"
    "@octokit/webhooks-types" "4.1.0"
    aggregate-error "^3.1.0"

aggregate-error@^3.1.0:
  version "3.1.0"
  resolved "https://registry.yarnpkg.com/aggregate-error/-/aggregate-error-3.1.0.tgz#92670ff50f5359bdb7a3e0d40d0ec30c5737687a"
  integrity sha512-4I7Td01quW/RpocfNayFdFVk1qSuoh0E7JrbRJ16nH01HhKFQ88INq9Sd+nd72zqRySlr9BmDA8xlEJ6vJMrYA==
  dependencies:
    clean-stack "^2.0.0"
    indent-string "^4.0.0"

clean-stack@^2.0.0:
  version "2.2.0"
  resolved "https://registry.yarnpkg.com/clean-stack/-/clean-stack-2.2.0.tgz#ee8472dbb129e727b31e8a10a427dee9dfe4008b"
  integrity sha512-4diC9HaTE+KRAMWhDhrGOECgWZxoevMc5TlkObMqNSsVU62PYzXZ/SMTjzyGAFF1YusgxGcSWTEXBhp0CPwQ1A==

deprecation@^2.0.0:
  version "2.3.1"
  resolved "https://registry.yarnpkg.com/deprecation/-/deprecation-2.3.1.tgz#6368cbdb40abf3373b525ac87e4a260c3a700919"
  integrity sha512-xmHIy4F3scKVwMsQ4WnVaS8bHOx0DmVwRywosKhaILI0ywMDWPtBSku2HNxRvF7jtwDRsoEwYQSfbxj8b7RlJQ==

indent-string@^4.0.0:
  version "4.0.0"
  resolved "https://registry.yarnpkg.com/indent-string/-/indent-string-4.0.0.tgz#624f8f4497d619b2d9768531d58f4122854d7251"
  integrity sha512-EdDDZu4A2OyIK7Lr/2zG+w5jmbuk1DVBnEwREQvBzspBJkCEbRa8GxU1lghYcaGJCnRWibjDXlq779X1/y5xwg==

once@^1.4.0:
  version "1.4.0"
  resolved "https://registry.yarnpkg.com/once/-/once-1.4.0.tgz#583b1aa775961d4b113ac17d9c50baef9dd76bd1"
  integrity sha1-WDsap3WWHUsROsF9nFC6753Xa9E=
  dependencies:
    wrappy "1"

wrappy@1:
  version "1.0.2"
  resolved "https://registry.yarnpkg.com/wrappy/-/wrappy-1.0.2.tgz#b5243d8f3ec1aa35f1364605bc0d1036e30ab69f"
  integrity sha1-tSQ9jz7BqjXxNkYFvA0QNuMKtp8=
